{
  "nodes": {
    "customConfig": {
      "locked": {
        "narHash": "sha256-t+2eKBUm6IZfWfgPUBcTEP64FJorFcY30NgmqAjLrjI=",
        "path": "./custom-config",
        "type": "path"
      },
      "original": {
        "path": "./custom-config",
        "type": "path"
      }
    },
    "haskellNix": {
      "inputs": {
        "nixpkgs": "nixpkgs",
        "nixpkgs-2003": "nixpkgs-2003",
        "nixpkgs-2009": "nixpkgs-2009",
        "nixpkgs-unstable": "nixpkgs-unstable"
      },
      "locked": {
        "lastModified": 1619745466,
        "narHash": "sha256-C3WTy9vrViORxyFUOjCxZDkD10XpFiqxxnqTqpIdQk8=",
        "owner": "input-output-hk",
        "repo": "haskell.nix",
        "rev": "648e46ba3a235520f8be2f23bd6dda22525c61a1",
        "type": "github"
      },
      "original": {
        "owner": "input-output-hk",
        "repo": "haskell.nix",
        "type": "github"
      }
    },
    "iohkNix": {
      "inputs": {
        "nixpkgs": [
          "nixpkgs"
        ]
      },
      "locked": {
        "lastModified": 1621507969,
        "narHash": "sha256-wLXAv8acJ162tVLxW2hCxDrtVmYVwHELKD9aq2CVgY0=",
        "owner": "input-output-hk",
        "repo": "iohk-nix",
        "rev": "42d272e3f731ba4a8b90079d85a5ccbd985a8a9b",
        "type": "github"
      },
      "original": {
        "owner": "input-output-hk",
        "repo": "iohk-nix",
        "type": "github"
      }
    },
    "nixpkgs": {
      "locked": {
        "lastModified": 1608007629,
        "narHash": "sha256-lipVFC/a2pzzA5X2ULj64je+fz1JIp2XRrB5qyoizpQ=",
        "owner": "NixOS",
        "repo": "nixpkgs",
        "rev": "f02bf8ffb9a5ec5e8f6f66f1e5544fd2aa1a0693",
        "type": "github"
      },
      "original": {
        "owner": "NixOS",
        "repo": "nixpkgs",
        "rev": "f02bf8ffb9a5ec5e8f6f66f1e5544fd2aa1a0693",
        "type": "github"
      }
    },
    "nixpkgs-2003": {
      "locked": {
        "lastModified": 1607708579,
        "narHash": "sha256-QyADEDydJJPa8n3xawnA82IJAcZHNNm6Pp5DU7exMr4=",
        "owner": "NixOS",
        "repo": "nixpkgs",
        "rev": "7f73e46625f508a793700f5110b86f1a53341d6e",
        "type": "github"
      },
      "original": {
        "owner": "NixOS",
        "repo": "nixpkgs",
        "rev": "7f73e46625f508a793700f5110b86f1a53341d6e",
        "type": "github"
      }
    },
    "nixpkgs-2009": {
      "locked": {
        "lastModified": 1608007629,
        "narHash": "sha256-lipVFC/a2pzzA5X2ULj64je+fz1JIp2XRrB5qyoizpQ=",
        "owner": "NixOS",
        "repo": "nixpkgs",
        "rev": "f02bf8ffb9a5ec5e8f6f66f1e5544fd2aa1a0693",
        "type": "github"
      },
      "original": {
        "owner": "NixOS",
        "repo": "nixpkgs",
        "rev": "f02bf8ffb9a5ec5e8f6f66f1e5544fd2aa1a0693",
        "type": "github"
      }
    },
    "nixpkgs-unstable": {
      "locked": {
        "lastModified": 1612284693,
        "narHash": "sha256-efzJNF1jvjK3BMl0gZ0ZaUWcFMv0nLb9AHN/++5+u0U=",
        "owner": "NixOS",
        "repo": "nixpkgs",
        "rev": "410bbd828cdc6156aecd5bc91772ad3a6b1099c7",
        "type": "github"
      },
      "original": {
        "owner": "NixOS",
        "repo": "nixpkgs",
        "rev": "410bbd828cdc6156aecd5bc91772ad3a6b1099c7",
        "type": "github"
      }
    },
    "root": {
      "inputs": {
        "customConfig": "customConfig",
        "haskellNix": "haskellNix",
        "iohkNix": "iohkNix",
        "nixpkgs": [
          "haskellNix",
          "nixpkgs-unstable"
        ],
        "utils": "utils"
      }
    },
    "utils": {
      "locked": {
        "lastModified": 1619345332,
        "narHash": "sha256-qHnQkEp1uklKTpx3MvKtY6xzgcqXDsz5nLilbbuL+3A=",
        "owner": "numtide",
        "repo": "flake-utils",
        "rev": "2ebf2558e5bf978c7fb8ea927dfaed8fefab2e28",
        "type": "github"
      },
      "original": {
        "owner": "numtide",
        "repo": "flake-utils",
        "type": "github"
      }
    }
  },
  "root": "root",
  "version": 7
}
